
Microsoft Visual Studio Solution File, Format Version 12.00
# Visual Studio 2012
Project("{FAE04EC0-301F-11D3-BF4B-00C04F79EFBC}") = "XamarinAndroidPhotoViewer", "XamarinAndroidPhotoViewer\XamarinAndroidPhotoViewer.csproj", "{F80C9B6F-F972-4958-B914-8B80250E4098}"
EndProject
Global
	GlobalSection(SolutionConfigurationPlatforms) = preSolution
		Debug|Any CPU = Debug|Any CPU
		Release|Any CPU = Release|Any CPU
	EndGlobalSection
	GlobalSection(ProjectConfigurationPlatforms) = postSolution
		{F80C9B6F-F972-4958-B914-8B80250E4098}.Debug|Any CPU.ActiveCfg = Debug|Any CPU
		{F80C9B6F-F972-4958-B914-8B80250E4098}.Debug|Any CPU.Build.0 = Debug|Any CPU
		{F80C9B6F-F972-4958-B914-8B80250E4098}.Release|Any CPU.ActiveCfg = Release|Any CPU
		{F80C9B6F-F972-4958-B914-8B80250E4098}.Release|Any CPU.Build.0 = Release|Any CPU
	EndGlobalSection
	GlobalSection(MonoDevelopProperties) = preSolution
		StartupItem = XamarinAndroidPhotoViewer\XamarinAndroidPhotoViewer.csproj
	EndGlobalSection
EndGlobal
